
Microsoft Visual Studio Solution File, Format Version 12.00
# Visual Studio Version 17
VisualStudioVersion = 17.0.32112.339
MinimumVisualStudioVersion = 10.0.40219.1
Project("{FAE04EC0-301F-11D3-BF4B-00C04F79EFBC}") = "Exercicio01", "ListaDeExerciciosExtra.ConsoleApp\Exercicio01.csproj", "{3602FD24-9117-40DC-A2C3-AB81E5190361}"
EndProject
Project("{FAE04EC0-301F-11D3-BF4B-00C04F79EFBC}") = "Exercicio02", "Exercicio02\Exercicio02.csproj", "{728F3233-4582-4551-98EC-891FC413C44A}"
EndProject
Project("{FAE04EC0-301F-11D3-BF4B-00C04F79EFBC}") = "Exercicio03", "Exercicio03\Exercicio03.csproj", "{AEB68447-FCFB-4546-B73C-A10BB52DB8E7}"
EndProject
Project("{FAE04EC0-301F-11D3-BF4B-00C04F79EFBC}") = "Exercicio04", "Exercicio04\Exercicio04.csproj", "{6E401B76-1053-4BF1-8734-47E6AF4B89B7}"
EndProject
Project("{FAE04EC0-301F-11D3-BF4B-00C04F79EFBC}") = "Exercicio05", "Exercicio05\Exercicio05.csproj", "{BE9C614A-CA17-4FC5-AC44-DFFEA936DC6C}"
EndProject
Global
	GlobalSection(SolutionConfigurationPlatforms) = preSolution
		Debug|Any CPU = Debug|Any CPU
		Release|Any CPU = Release|Any CPU
	EndGlobalSection
	GlobalSection(ProjectConfigurationPlatforms) = postSolution
		{3602FD24-9117-40DC-A2C3-AB81E5190361}.Debug|Any CPU.ActiveCfg = Debug|Any CPU
		{3602FD24-9117-40DC-A2C3-AB81E5190361}.Debug|Any CPU.Build.0 = Debug|Any CPU
		{3602FD24-9117-40DC-A2C3-AB81E5190361}.Release|Any CPU.ActiveCfg = Release|Any CPU
		{3602FD24-9117-40DC-A2C3-AB81E5190361}.Release|Any CPU.Build.0 = Release|Any CPU
		{728F3233-4582-4551-98EC-891FC413C44A}.Debug|Any CPU.ActiveCfg = Debug|Any CPU
		{728F3233-4582-4551-98EC-891FC413C44A}.Debug|Any CPU.Build.0 = Debug|Any CPU
		{728F3233-4582-4551-98EC-891FC413C44A}.Release|Any CPU.ActiveCfg = Release|Any CPU
		{728F3233-4582-4551-98EC-891FC413C44A}.Release|Any CPU.Build.0 = Release|Any CPU
		{AEB68447-FCFB-4546-B73C-A10BB52DB8E7}.Debug|Any CPU.ActiveCfg = Debug|Any CPU
		{AEB68447-FCFB-4546-B73C-A10BB52DB8E7}.Debug|Any CPU.Build.0 = Debug|Any CPU
		{AEB68447-FCFB-4546-B73C-A10BB52DB8E7}.Release|Any CPU.ActiveCfg = Release|Any CPU
		{AEB68447-FCFB-4546-B73C-A10BB52DB8E7}.Release|Any CPU.Build.0 = Release|Any CPU
		{6E401B76-1053-4BF1-8734-47E6AF4B89B7}.Debug|Any CPU.ActiveCfg = Debug|Any CPU
		{6E401B76-1053-4BF1-8734-47E6AF4B89B7}.Debug|Any CPU.Build.0 = Debug|Any CPU
		{6E401B76-1053-4BF1-8734-47E6AF4B89B7}.Release|Any CPU.ActiveCfg = Release|Any CPU
		{6E401B76-1053-4BF1-8734-47E6AF4B89B7}.Release|Any CPU.Build.0 = Release|Any CPU
		{BE9C614A-CA17-4FC5-AC44-DFFEA936DC6C}.Debug|Any CPU.ActiveCfg = Debug|Any CPU
		{BE9C614A-CA17-4FC5-AC44-DFFEA936DC6C}.Debug|Any CPU.Build.0 = Debug|Any CPU
		{BE9C614A-CA17-4FC5-AC44-DFFEA936DC6C}.Release|Any CPU.ActiveCfg = Release|Any CPU
		{BE9C614A-CA17-4FC5-AC44-DFFEA936DC6C}.Release|Any CPU.Build.0 = Release|Any CPU
	EndGlobalSection
	GlobalSection(SolutionProperties) = preSolution
		HideSolutionNode = FALSE
	EndGlobalSection
	GlobalSection(ExtensibilityGlobals) = postSolution
		SolutionGuid = {019AE486-A7E6-4086-BC9D-4679D38DA471}
	EndGlobalSection
EndGlobal
